
Microsoft Visual Studio Solution File, Format Version 12.00
# Visual Studio Version 16
VisualStudioVersion = 16.0.30711.63
MinimumVisualStudioVersion = 10.0.40219.1
Project("{FAE04EC0-301F-11D3-BF4B-00C04F79EFBC}") = "UnitTestProject2WinApp", "UnitTestProject2WinApp\UnitTestProject2WinApp.csproj", "{5538D74E-9A38-45A0-93D3-D8E2F9D1161E}"
EndProject
Global
	GlobalSection(SolutionConfigurationPlatforms) = preSolution
		Debug|Any CPU = Debug|Any CPU
		Release|Any CPU = Release|Any CPU
	EndGlobalSection
	GlobalSection(ProjectConfigurationPlatforms) = postSolution
		{5538D74E-9A38-45A0-93D3-D8E2F9D1161E}.Debug|Any CPU.ActiveCfg = Debug|Any CPU
		{5538D74E-9A38-45A0-93D3-D8E2F9D1161E}.Debug|Any CPU.Build.0 = Debug|Any CPU
		{5538D74E-9A38-45A0-93D3-D8E2F9D1161E}.Release|Any CPU.ActiveCfg = Release|Any CPU
		{5538D74E-9A38-45A0-93D3-D8E2F9D1161E}.Release|Any CPU.Build.0 = Release|Any CPU
	EndGlobalSection
	GlobalSection(SolutionProperties) = preSolution
		HideSolutionNode = FALSE
	EndGlobalSection
	GlobalSection(ExtensibilityGlobals) = postSolution
		SolutionGuid = {5E24F477-180D-486A-B7B2-8BC18BFB981B}
	EndGlobalSection
EndGlobal
